// !$*UTF8*$!
{
	archiveVersion = 1;
	classes = {
	};
	objectVersion = 56;
	objects = {

/* Begin PBXBuildFile section */
		431613482A2F945B00457E1E /* AppDelegate.swift in Sources */ = {isa = PBXBuildFile; fileRef = 431613472A2F945B00457E1E /* AppDelegate.swift */; };
		4316134A2A2F945B00457E1E /* SceneDelegate.swift in Sources */ = {isa = PBXBuildFile; fileRef = 431613492A2F945B00457E1E /* SceneDelegate.swift */; };
		4316134C2A2F945B00457E1E /* ViewController.swift in Sources */ = {isa = PBXBuildFile; fileRef = 4316134B2A2F945B00457E1E /* ViewController.swift */; };
		431613512A2F945C00457E1E /* Assets.xcassets in Resources */ = {isa = PBXBuildFile; fileRef = 431613502A2F945C00457E1E /* Assets.xcassets */; };
		431613542A2F945C00457E1E /* LaunchScreen.storyboard in Resources */ = {isa = PBXBuildFile; fileRef = 431613522A2F945C00457E1E /* LaunchScreen.storyboard */; };
		4316135C2A2FC55100457E1E /* MainTabBarController.swift in Sources */ = {isa = PBXBuildFile; fileRef = 4316135B2A2FC55100457E1E /* MainTabBarController.swift */; };
		4320ED392A3225220053A9E9 /* PodcastsSearchController.swift in Sources */ = {isa = PBXBuildFile; fileRef = 4320ED382A3225220053A9E9 /* PodcastsSearchController.swift */; };
		4320ED3C2A3226BB0053A9E9 /* Podcast.swift in Sources */ = {isa = PBXBuildFile; fileRef = 4320ED3B2A3226BB0053A9E9 /* Podcast.swift */; };
		4320ED3F2A324D7E0053A9E9 /* Alamofire in Frameworks */ = {isa = PBXBuildFile; productRef = 4320ED3E2A324D7E0053A9E9 /* Alamofire */; };
		4320ED422A33A5950053A9E9 /* APIService.swift in Sources */ = {isa = PBXBuildFile; fileRef = 4320ED412A33A5950053A9E9 /* APIService.swift */; };
		4320ED452A35ECCA0053A9E9 /* PodcastCell.xib in Resources */ = {isa = PBXBuildFile; fileRef = 4320ED442A35ECCA0053A9E9 /* PodcastCell.xib */; };
		4320ED492A35F6690053A9E9 /* PodcastCell.swift in Sources */ = {isa = PBXBuildFile; fileRef = 4320ED482A35F6690053A9E9 /* PodcastCell.swift */; };
		4320ED4C2A3604510053A9E9 /* SDWebImage in Frameworks */ = {isa = PBXBuildFile; productRef = 4320ED4B2A3604510053A9E9 /* SDWebImage */; };
/* End PBXBuildFile section */

/* Begin PBXFileReference section */
		431613442A2F945B00457E1E /* PodcastsApp.app */ = {isa = PBXFileReference; explicitFileType = wrapper.application; includeInIndex = 0; path = PodcastsApp.app; sourceTree = BUILT_PRODUCTS_DIR; };
		431613472A2F945B00457E1E /* AppDelegate.swift */ = {isa = PBXFileReference; lastKnownFileType = sourcecode.swift; path = AppDelegate.swift; sourceTree = "<group>"; };
		431613492A2F945B00457E1E /* SceneDelegate.swift */ = {isa = PBXFileReference; lastKnownFileType = sourcecode.swift; path = SceneDelegate.swift; sourceTree = "<group>"; };
		4316134B2A2F945B00457E1E /* ViewController.swift */ = {isa = PBXFileReference; lastKnownFileType = sourcecode.swift; path = ViewController.swift; sourceTree = "<group>"; };
		431613502A2F945C00457E1E /* Assets.xcassets */ = {isa = PBXFileReference; lastKnownFileType = folder.assetcatalog; path = Assets.xcassets; sourceTree = "<group>"; };
		431613532A2F945C00457E1E /* Base */ = {isa = PBXFileReference; lastKnownFileType = file.storyboard; name = Base; path = Base.lproj/LaunchScreen.storyboard; sourceTree = "<group>"; };
		431613552A2F945C00457E1E /* Info.plist */ = {isa = PBXFileReference; lastKnownFileType = text.plist.xml; path = Info.plist; sourceTree = "<group>"; };
		4316135B2A2FC55100457E1E /* MainTabBarController.swift */ = {isa = PBXFileReference; lastKnownFileType = sourcecode.swift; path = MainTabBarController.swift; sourceTree = "<group>"; };
		4320ED382A3225220053A9E9 /* PodcastsSearchController.swift */ = {isa = PBXFileReference; lastKnownFileType = sourcecode.swift; path = PodcastsSearchController.swift; sourceTree = "<group>"; };
		4320ED3B2A3226BB0053A9E9 /* Podcast.swift */ = {isa = PBXFileReference; lastKnownFileType = sourcecode.swift; path = Podcast.swift; sourceTree = "<group>"; };
		4320ED412A33A5950053A9E9 /* APIService.swift */ = {isa = PBXFileReference; lastKnownFileType = sourcecode.swift; path = APIService.swift; sourceTree = "<group>"; };
		4320ED442A35ECCA0053A9E9 /* PodcastCell.xib */ = {isa = PBXFileReference; lastKnownFileType = file.xib; path = PodcastCell.xib; sourceTree = "<group>"; };
		4320ED482A35F6690053A9E9 /* PodcastCell.swift */ = {isa = PBXFileReference; lastKnownFileType = sourcecode.swift; path = PodcastCell.swift; sourceTree = "<group>"; };
/* End PBXFileReference section */

/* Begin PBXFrameworksBuildPhase section */
		431613412A2F945B00457E1E /* Frameworks */ = {
			isa = PBXFrameworksBuildPhase;
			buildActionMask = 2147483647;
			files = (
				4320ED4C2A3604510053A9E9 /* SDWebImage in Frameworks */,
				4320ED3F2A324D7E0053A9E9 /* Alamofire in Frameworks */,
			);
			runOnlyForDeploymentPostprocessing = 0;
		};
/* End PBXFrameworksBuildPhase section */

/* Begin PBXGroup section */
		4316133B2A2F945B00457E1E = {
			isa = PBXGroup;
			children = (
				431613462A2F945B00457E1E /* PodcastsApp */,
				431613452A2F945B00457E1E /* Products */,
			);
			sourceTree = "<group>";
		};
		431613452A2F945B00457E1E /* Products */ = {
			isa = PBXGroup;
			children = (
				431613442A2F945B00457E1E /* PodcastsApp.app */,
			);
			name = Products;
			sourceTree = "<group>";
		};
		431613462A2F945B00457E1E /* PodcastsApp */ = {
			isa = PBXGroup;
			children = (
				4320ED432A35ECA40053A9E9 /* Views */,
				4320ED402A33A5880053A9E9 /* API */,
				4320ED3A2A3226A80053A9E9 /* Models */,
				4320ED372A3225050053A9E9 /* Controllers */,
				431613472A2F945B00457E1E /* AppDelegate.swift */,
				431613492A2F945B00457E1E /* SceneDelegate.swift */,
				4316134B2A2F945B00457E1E /* ViewController.swift */,
				431613502A2F945C00457E1E /* Assets.xcassets */,
				431613522A2F945C00457E1E /* LaunchScreen.storyboard */,
				431613552A2F945C00457E1E /* Info.plist */,
				4316135B2A2FC55100457E1E /* MainTabBarController.swift */,
			);
			path = PodcastsApp;
			sourceTree = "<group>";
		};
		4320ED372A3225050053A9E9 /* Controllers */ = {
			isa = PBXGroup;
			children = (
				4320ED382A3225220053A9E9 /* PodcastsSearchController.swift */,
			);
			path = Controllers;
			sourceTree = "<group>";
		};
		4320ED3A2A3226A80053A9E9 /* Models */ = {
			isa = PBXGroup;
			children = (
				4320ED3B2A3226BB0053A9E9 /* Podcast.swift */,
			);
			path = Models;
			sourceTree = "<group>";
		};
		4320ED402A33A5880053A9E9 /* API */ = {
			isa = PBXGroup;
			children = (
				4320ED412A33A5950053A9E9 /* APIService.swift */,
			);
			path = API;
			sourceTree = "<group>";
		};
		4320ED432A35ECA40053A9E9 /* Views */ = {
			isa = PBXGroup;
			children = (
				4320ED442A35ECCA0053A9E9 /* PodcastCell.xib */,
				4320ED482A35F6690053A9E9 /* PodcastCell.swift */,
			);
			path = Views;
			sourceTree = "<group>";
		};
/* End PBXGroup section */

/* Begin PBXNativeTarget section */
		431613432A2F945B00457E1E /* PodcastsApp */ = {
			isa = PBXNativeTarget;
			buildConfigurationList = 431613582A2F945C00457E1E /* Build configuration list for PBXNativeTarget "PodcastsApp" */;
			buildPhases = (
				431613402A2F945B00457E1E /* Sources */,
				431613412A2F945B00457E1E /* Frameworks */,
				431613422A2F945B00457E1E /* Resources */,
			);
			buildRules = (
			);
			dependencies = (
			);
			name = PodcastsApp;
			packageProductDependencies = (
				4320ED3E2A324D7E0053A9E9 /* Alamofire */,
				4320ED4B2A3604510053A9E9 /* SDWebImage */,
			);
			productName = PodcastsApp;
			productReference = 431613442A2F945B00457E1E /* PodcastsApp.app */;
			productType = "com.apple.product-type.application";
		};
/* End PBXNativeTarget section */

/* Begin PBXProject section */
		4316133C2A2F945B00457E1E /* Project object */ = {
			isa = PBXProject;
			attributes = {
				BuildIndependentTargetsInParallel = 1;
				LastSwiftUpdateCheck = 1420;
				LastUpgradeCheck = 1420;
				TargetAttributes = {
					431613432A2F945B00457E1E = {
						CreatedOnToolsVersion = 14.2;
					};
				};
			};
			buildConfigurationList = 4316133F2A2F945B00457E1E /* Build configuration list for PBXProject "PodcastsApp" */;
			compatibilityVersion = "Xcode 14.0";
			developmentRegion = en;
			hasScannedForEncodings = 0;
			knownRegions = (
				en,
				Base,
			);
			mainGroup = 4316133B2A2F945B00457E1E;
			packageReferences = (
				4320ED3D2A324D7E0053A9E9 /* XCRemoteSwiftPackageReference "Alamofire" */,
				4320ED4A2A3604510053A9E9 /* XCRemoteSwiftPackageReference "SDWebImage" */,
			);
			productRefGroup = 431613452A2F945B00457E1E /* Products */;
			projectDirPath = "";
			projectRoot = "";
			targets = (
				431613432A2F945B00457E1E /* PodcastsApp */,
			);
		};
/* End PBXProject section */

/* Begin PBXResourcesBuildPhase section */
		431613422A2F945B00457E1E /* Resources */ = {
			isa = PBXResourcesBuildPhase;
			buildActionMask = 2147483647;
			files = (
				431613542A2F945C00457E1E /* LaunchScreen.storyboard in Resources */,
				431613512A2F945C00457E1E /* Assets.xcassets in Resources */,
				4320ED452A35ECCA0053A9E9 /* PodcastCell.xib in Resources */,
			);
			runOnlyForDeploymentPostprocessing = 0;
		};
/* End PBXResourcesBuildPhase section */

/* Begin PBXSourcesBuildPhase section */
		431613402A2F945B00457E1E /* Sources */ = {
			isa = PBXSourcesBuildPhase;
			buildActionMask = 2147483647;
			files = (
				4316134C2A2F945B00457E1E /* ViewController.swift in Sources */,
				4320ED422A33A5950053A9E9 /* APIService.swift in Sources */,
				4320ED492A35F6690053A9E9 /* PodcastCell.swift in Sources */,
				431613482A2F945B00457E1E /* AppDelegate.swift in Sources */,
				4320ED3C2A3226BB0053A9E9 /* Podcast.swift in Sources */,
				4316135C2A2FC55100457E1E /* MainTabBarController.swift in Sources */,
				4320ED392A3225220053A9E9 /* PodcastsSearchController.swift in Sources */,
				4316134A2A2F945B00457E1E /* SceneDelegate.swift in Sources */,
			);
			runOnlyForDeploymentPostprocessing = 0;
		};
/* End PBXSourcesBuildPhase section */

/* Begin PBXVariantGroup section */
		431613522A2F945C00457E1E /* LaunchScreen.storyboard */ = {
			isa = PBXVariantGroup;
			children = (
				431613532A2F945C00457E1E /* Base */,
			);
			name = LaunchScreen.storyboard;
			sourceTree = "<group>";
		};
/* End PBXVariantGroup section */

/* Begin XCBuildConfiguration section */
		431613562A2F945C00457E1E /* Debug */ = {
			isa = XCBuildConfiguration;
			buildSettings = {
				ALWAYS_SEARCH_USER_PATHS = NO;
				CLANG_ANALYZER_NONNULL = YES;
				CLANG_ANALYZER_NUMBER_OBJECT_CONVERSION = YES_AGGRESSIVE;
				CLANG_CXX_LANGUAGE_STANDARD = "gnu++20";
				CLANG_ENABLE_MODULES = YES;
				CLANG_ENABLE_OBJC_ARC = YES;
				CLANG_ENABLE_OBJC_WEAK = YES;
				CLANG_WARN_BLOCK_CAPTURE_AUTORELEASING = YES;
				CLANG_WARN_BOOL_CONVERSION = YES;
				CLANG_WARN_COMMA = YES;
				CLANG_WARN_CONSTANT_CONVERSION = YES;
				CLANG_WARN_DEPRECATED_OBJC_IMPLEMENTATIONS = YES;
				CLANG_WARN_DIRECT_OBJC_ISA_USAGE = YES_ERROR;
				CLANG_WARN_DOCUMENTATION_COMMENTS = YES;
				CLANG_WARN_EMPTY_BODY = YES;
				CLANG_WARN_ENUM_CONVERSION = YES;
				CLANG_WARN_INFINITE_RECURSION = YES;
				CLANG_WARN_INT_CONVERSION = YES;
				CLANG_WARN_NON_LITERAL_NULL_CONVERSION = YES;
				CLANG_WARN_OBJC_IMPLICIT_RETAIN_SELF = YES;
				CLANG_WARN_OBJC_LITERAL_CONVERSION = YES;
				CLANG_WARN_OBJC_ROOT_CLASS = YES_ERROR;
				CLANG_WARN_QUOTED_INCLUDE_IN_FRAMEWORK_HEADER = YES;
				CLANG_WARN_RANGE_LOOP_ANALYSIS = YES;
				CLANG_WARN_STRICT_PROTOTYPES = YES;
				CLANG_WARN_SUSPICIOUS_MOVE = YES;
				CLANG_WARN_UNGUARDED_AVAILABILITY = YES_AGGRESSIVE;
				CLANG_WARN_UNREACHABLE_CODE = YES;
				CLANG_WARN__DUPLICATE_METHOD_MATCH = YES;
				COPY_PHASE_STRIP = NO;
				DEBUG_INFORMATION_FORMAT = dwarf;
				ENABLE_STRICT_OBJC_MSGSEND = YES;
				ENABLE_TESTABILITY = YES;
				GCC_C_LANGUAGE_STANDARD = gnu11;
				GCC_DYNAMIC_NO_PIC = NO;
				GCC_NO_COMMON_BLOCKS = YES;
				GCC_OPTIMIZATION_LEVEL = 0;
				GCC_PREPROCESSOR_DEFINITIONS = (
					"DEBUG=1",
					"$(inherited)",
				);
				GCC_WARN_64_TO_32_BIT_CONVERSION = YES;
				GCC_WARN_ABOUT_RETURN_TYPE = YES_ERROR;
				GCC_WARN_UNDECLARED_SELECTOR = YES;
				GCC_WARN_UNINITIALIZED_AUTOS = YES_AGGRESSIVE;
				GCC_WARN_UNUSED_FUNCTION = YES;
				GCC_WARN_UNUSED_VARIABLE = YES;
				IPHONEOS_DEPLOYMENT_TARGET = 16.2;
				MTL_ENABLE_DEBUG_INFO = INCLUDE_SOURCE;
				MTL_FAST_MATH = YES;
				ONLY_ACTIVE_ARCH = YES;
				SDKROOT = iphoneos;
				SWIFT_ACTIVE_COMPILATION_CONDITIONS = DEBUG;
				SWIFT_OPTIMIZATION_LEVEL = "-Onone";
			};
			name = Debug;
		};
		431613572A2F945C00457E1E /* Release */ = {
			isa = XCBuildConfiguration;
			buildSettings = {
				ALWAYS_SEARCH_USER_PATHS = NO;
				CLANG_ANALYZER_NONNULL = YES;
				CLANG_ANALYZER_NUMBER_OBJECT_CONVERSION = YES_AGGRESSIVE;
				CLANG_CXX_LANGUAGE_STANDARD = "gnu++20";
				CLANG_ENABLE_MODULES = YES;
				CLANG_ENABLE_OBJC_ARC = YES;
				CLANG_ENABLE_OBJC_WEAK = YES;
				CLANG_WARN_BLOCK_CAPTURE_AUTORELEASING = YES;
				CLANG_WARN_BOOL_CONVERSION = YES;
				CLANG_WARN_COMMA = YES;
				CLANG_WARN_CONSTANT_CONVERSION = YES;
				CLANG_WARN_DEPRECATED_OBJC_IMPLEMENTATIONS = YES;
				CLANG_WARN_DIRECT_OBJC_ISA_USAGE = YES_ERROR;
				CLANG_WARN_DOCUMENTATION_COMMENTS = YES;
				CLANG_WARN_EMPTY_BODY = YES;
				CLANG_WARN_ENUM_CONVERSION = YES;
				CLANG_WARN_INFINITE_RECURSION = YES;
				CLANG_WARN_INT_CONVERSION = YES;
				CLANG_WARN_NON_LITERAL_NULL_CONVERSION = YES;
				CLANG_WARN_OBJC_IMPLICIT_RETAIN_SELF = YES;
				CLANG_WARN_OBJC_LITERAL_CONVERSION = YES;
				CLANG_WARN_OBJC_ROOT_CLASS = YES_ERROR;
				CLANG_WARN_QUOTED_INCLUDE_IN_FRAMEWORK_HEADER = YES;
				CLANG_WARN_RANGE_LOOP_ANALYSIS = YES;
				CLANG_WARN_STRICT_PROTOTYPES = YES;
				CLANG_WARN_SUSPICIOUS_MOVE = YES;
				CLANG_WARN_UNGUARDED_AVAILABILITY = YES_AGGRESSIVE;
				CLANG_WARN_UNREACHABLE_CODE = YES;
				CLANG_WARN__DUPLICATE_METHOD_MATCH = YES;
				COPY_PHASE_STRIP = NO;
				DEBUG_INFORMATION_FORMAT = "dwarf-with-dsym";
				ENABLE_NS_ASSERTIONS = NO;
				ENABLE_STRICT_OBJC_MSGSEND = YES;
				GCC_C_LANGUAGE_STANDARD = gnu11;
				GCC_NO_COMMON_BLOCKS = YES;
				GCC_WARN_64_TO_32_BIT_CONVERSION = YES;
				GCC_WARN_ABOUT_RETURN_TYPE = YES_ERROR;
				GCC_WARN_UNDECLARED_SELECTOR = YES;
				GCC_WARN_UNINITIALIZED_AUTOS = YES_AGGRESSIVE;
				GCC_WARN_UNUSED_FUNCTION = YES;
				GCC_WARN_UNUSED_VARIABLE = YES;
				IPHONEOS_DEPLOYMENT_TARGET = 16.2;
				MTL_ENABLE_DEBUG_INFO = NO;
				MTL_FAST_MATH = YES;
				SDKROOT = iphoneos;
				SWIFT_COMPILATION_MODE = wholemodule;
				SWIFT_OPTIMIZATION_LEVEL = "-O";
				VALIDATE_PRODUCT = YES;
			};
			name = Release;
		};
		431613592A2F945C00457E1E /* Debug */ = {
			isa = XCBuildConfiguration;
			buildSettings = {
				ASSETCATALOG_COMPILER_APPICON_NAME = AppIcon;
				ASSETCATALOG_COMPILER_GLOBAL_ACCENT_COLOR_NAME = AccentColor;
				CODE_SIGN_STYLE = Automatic;
				CURRENT_PROJECT_VERSION = 1;
				DEVELOPMENT_TEAM = C7T7MNSP5C;
				GENERATE_INFOPLIST_FILE = YES;
				INFOPLIST_FILE = PodcastsApp/Info.plist;
				INFOPLIST_KEY_UIApplicationSupportsIndirectInputEvents = YES;
				INFOPLIST_KEY_UILaunchStoryboardName = LaunchScreen;
				INFOPLIST_KEY_UISupportedInterfaceOrientations_iPad = "UIInterfaceOrientationPortrait UIInterfaceOrientationPortraitUpsideDown UIInterfaceOrientationLandscapeLeft UIInterfaceOrientationLandscapeRight";
				INFOPLIST_KEY_UISupportedInterfaceOrientations_iPhone = "UIInterfaceOrientationPortrait UIInterfaceOrientationLandscapeLeft UIInterfaceOrientationLandscapeRight";
				LD_RUNPATH_SEARCH_PATHS = (
					"$(inherited)",
					"@executable_path/Frameworks",
				);
				MARKETING_VERSION = 1.0;
				PRODUCT_BUNDLE_IDENTIFIER = com.muratceyhun.PodcastsApp;
				PRODUCT_NAME = "$(TARGET_NAME)";
				SWIFT_EMIT_LOC_STRINGS = YES;
				SWIFT_VERSION = 5.0;
				TARGETED_DEVICE_FAMILY = "1,2";
			};
			name = Debug;
		};
		4316135A2A2F945C00457E1E /* Release */ = {
			isa = XCBuildConfiguration;
			buildSettings = {
				ASSETCATALOG_COMPILER_APPICON_NAME = AppIcon;
				ASSETCATALOG_COMPILER_GLOBAL_ACCENT_COLOR_NAME = AccentColor;
				CODE_SIGN_STYLE = Automatic;
				CURRENT_PROJECT_VERSION = 1;
				DEVELOPMENT_TEAM = C7T7MNSP5C;
				GENERATE_INFOPLIST_FILE = YES;
				INFOPLIST_FILE = PodcastsApp/Info.plist;
				INFOPLIST_KEY_UIApplicationSupportsIndirectInputEvents = YES;
				INFOPLIST_KEY_UILaunchStoryboardName = LaunchScreen;
				INFOPLIST_KEY_UISupportedInterfaceOrientations_iPad = "UIInterfaceOrientationPortrait UIInterfaceOrientationPortraitUpsideDown UIInterfaceOrientationLandscapeLeft UIInterfaceOrientationLandscapeRight";
				INFOPLIST_KEY_UISupportedInterfaceOrientations_iPhone = "UIInterfaceOrientationPortrait UIInterfaceOrientationLandscapeLeft UIInterfaceOrientationLandscapeRight";
				LD_RUNPATH_SEARCH_PATHS = (
					"$(inherited)",
					"@executable_path/Frameworks",
				);
				MARKETING_VERSION = 1.0;
				PRODUCT_BUNDLE_IDENTIFIER = com.muratceyhun.PodcastsApp;
				PRODUCT_NAME = "$(TARGET_NAME)";
				SWIFT_EMIT_LOC_STRINGS = YES;
				SWIFT_VERSION = 5.0;
				TARGETED_DEVICE_FAMILY = "1,2";
			};
			name = Release;
		};
/* End XCBuildConfiguration section */

/* Begin XCConfigurationList section */
		4316133F2A2F945B00457E1E /* Build configuration list for PBXProject "PodcastsApp" */ = {
			isa = XCConfigurationList;
			buildConfigurations = (
				431613562A2F945C00457E1E /* Debug */,
				431613572A2F945C00457E1E /* Release */,
			);
			defaultConfigurationIsVisible = 0;
			defaultConfigurationName = Release;
		};
		431613582A2F945C00457E1E /* Build configuration list for PBXNativeTarget "PodcastsApp" */ = {
			isa = XCConfigurationList;
			buildConfigurations = (
				431613592A2F945C00457E1E /* Debug */,
				4316135A2A2F945C00457E1E /* Release */,
			);
			defaultConfigurationIsVisible = 0;
			defaultConfigurationName = Release;
		};
/* End XCConfigurationList section */

/* Begin XCRemoteSwiftPackageReference section */
		4320ED3D2A324D7E0053A9E9 /* XCRemoteSwiftPackageReference "Alamofire" */ = {
			isa = XCRemoteSwiftPackageReference;
			repositoryURL = "https://github.com/Alamofire/Alamofire";
			requirement = {
				kind = upToNextMajorVersion;
				minimumVersion = 5.0.0;
			};
		};
		4320ED4A2A3604510053A9E9 /* XCRemoteSwiftPackageReference "SDWebImage" */ = {
			isa = XCRemoteSwiftPackageReference;
			repositoryURL = "https://github.com/SDWebImage/SDWebImage";
			requirement = {
				kind = upToNextMajorVersion;
				minimumVersion = 5.0.0;
			};
		};
/* End XCRemoteSwiftPackageReference section */

/* Begin XCSwiftPackageProductDependency section */
		4320ED3E2A324D7E0053A9E9 /* Alamofire */ = {
			isa = XCSwiftPackageProductDependency;
			package = 4320ED3D2A324D7E0053A9E9 /* XCRemoteSwiftPackageReference "Alamofire" */;
			productName = Alamofire;
		};
		4320ED4B2A3604510053A9E9 /* SDWebImage */ = {
			isa = XCSwiftPackageProductDependency;
			package = 4320ED4A2A3604510053A9E9 /* XCRemoteSwiftPackageReference "SDWebImage" */;
			productName = SDWebImage;
		};
/* End XCSwiftPackageProductDependency section */
	};
	rootObject = 4316133C2A2F945B00457E1E /* Project object */;
}
